{
  "requires": true,
  "lockfileVersion": 1,
  "dependencies": {
    "coolui-scroller": {
      "version": "2.0.2",
      "resolved": "https://registry.npmjs.org/coolui-scroller/-/coolui-scroller-2.0.2.tgz",
      "integrity": "sha512-algpWZsPkuFh9K54rFlYOicPe1C8XnZ2ZIHNCCN0ttFIybzkxvJ+SPq+KAzOxLHM7MlBU1Aq72yvINyj+0oc5w=="
    },
    "weui-miniprogram": {
      "version": "1.0.7",
      "resolved": "https://registry.npmjs.org/weui-miniprogram/-/weui-miniprogram-1.0.7.tgz",
      "integrity": "sha512-tXpLnUyaN1jEZHlYAWid3q+Rbov6a90t7QX4uunEa9E2+IUrVLqxo1Q1CfT1uTtjE5hqg6ABGU0NA819Ga1D3g=="
    }
  }
}
