{
  "requires": true,
  "lockfileVersion": 1,
  "dependencies": {
    "@vant/area-data": {
      "version": "1.1.1",
      "resolved": "https://registry.npmjs.org/@vant/area-data/-/area-data-1.1.1.tgz",
      "integrity": "sha512-MmXTuSh6YYWSvC112iK2/rZhEfe+3vfh6G9TD1sOTOrtw+H9bAnw8ZOiHdkL6hTUCXV+AJEDbFyFsNLpJxqkoA==",
      "dev": true
    }
  }
}
